// !$*UTF8*$!
{
	archiveVersion = 1;
	classes = {
	};
	objectVersion = 50;
	objects = {

/* Begin PBXBuildFile section */
		C71814E6216F7B8000843B42 /* AppDelegate.swift in Sources */ = {isa = PBXBuildFile; fileRef = C71814E5216F7B8000843B42 /* AppDelegate.swift */; };
		C71814EB216F7B8000843B42 /* Main.storyboard in Resources */ = {isa = PBXBuildFile; fileRef = C71814E9216F7B8000843B42 /* Main.storyboard */; };
		C71814ED216F7B8100843B42 /* Assets.xcassets in Resources */ = {isa = PBXBuildFile; fileRef = C71814EC216F7B8100843B42 /* Assets.xcassets */; };
		C71814F0216F7B8100843B42 /* LaunchScreen.storyboard in Resources */ = {isa = PBXBuildFile; fileRef = C71814EE216F7B8100843B42 /* LaunchScreen.storyboard */; };
		C71814FE216F951000843B42 /* Constants.swift in Sources */ = {isa = PBXBuildFile; fileRef = C71814FD216F951000843B42 /* Constants.swift */; };
		C7181500216F956300843B42 /* DefaultViewController.swift in Sources */ = {isa = PBXBuildFile; fileRef = C71814FF216F956300843B42 /* DefaultViewController.swift */; };
		C7181502216F957000843B42 /* CustomViewController.swift in Sources */ = {isa = PBXBuildFile; fileRef = C7181501216F957000843B42 /* CustomViewController.swift */; };
		C7181505216F95AA00843B42 /* intermediateDefaultViewController.swift in Sources */ = {isa = PBXBuildFile; fileRef = C7181504216F95AA00843B42 /* intermediateDefaultViewController.swift */; };
		C7181507216F95B400843B42 /* intermediateCustomViewController.swift in Sources */ = {isa = PBXBuildFile; fileRef = C7181506216F95B400843B42 /* intermediateCustomViewController.swift */; };
		C718150D216FA1CA00843B42 /* NavigationController.swift in Sources */ = {isa = PBXBuildFile; fileRef = C718150C216FA1CA00843B42 /* NavigationController.swift */; };
/* End PBXBuildFile section */

/* Begin PBXFileReference section */
		C71814E2216F7B8000843B42 /* BackButtonApp.app */ = {isa = PBXFileReference; explicitFileType = wrapper.application; includeInIndex = 0; path = BackButtonApp.app; sourceTree = BUILT_PRODUCTS_DIR; };
		C71814E5216F7B8000843B42 /* AppDelegate.swift */ = {isa = PBXFileReference; lastKnownFileType = sourcecode.swift; path = AppDelegate.swift; sourceTree = "<group>"; };
		C71814EA216F7B8000843B42 /* Base */ = {isa = PBXFileReference; lastKnownFileType = file.storyboard; name = Base; path = Base.lproj/Main.storyboard; sourceTree = "<group>"; };
		C71814EC216F7B8100843B42 /* Assets.xcassets */ = {isa = PBXFileReference; lastKnownFileType = folder.assetcatalog; path = Assets.xcassets; sourceTree = "<group>"; };
		C71814EF216F7B8100843B42 /* Base */ = {isa = PBXFileReference; lastKnownFileType = file.storyboard; name = Base; path = Base.lproj/LaunchScreen.storyboard; sourceTree = "<group>"; };
		C71814F1216F7B8100843B42 /* Info.plist */ = {isa = PBXFileReference; lastKnownFileType = text.plist.xml; path = Info.plist; sourceTree = "<group>"; };
		C71814FD216F951000843B42 /* Constants.swift */ = {isa = PBXFileReference; lastKnownFileType = sourcecode.swift; path = Constants.swift; sourceTree = "<group>"; };
		C71814FF216F956300843B42 /* DefaultViewController.swift */ = {isa = PBXFileReference; lastKnownFileType = sourcecode.swift; path = DefaultViewController.swift; sourceTree = "<group>"; };
		C7181501216F957000843B42 /* CustomViewController.swift */ = {isa = PBXFileReference; lastKnownFileType = sourcecode.swift; path = CustomViewController.swift; sourceTree = "<group>"; };
		C7181504216F95AA00843B42 /* intermediateDefaultViewController.swift */ = {isa = PBXFileReference; lastKnownFileType = sourcecode.swift; path = intermediateDefaultViewController.swift; sourceTree = "<group>"; };
		C7181506216F95B400843B42 /* intermediateCustomViewController.swift */ = {isa = PBXFileReference; lastKnownFileType = sourcecode.swift; path = intermediateCustomViewController.swift; sourceTree = "<group>"; };
		C718150C216FA1CA00843B42 /* NavigationController.swift */ = {isa = PBXFileReference; lastKnownFileType = sourcecode.swift; path = NavigationController.swift; sourceTree = "<group>"; };
/* End PBXFileReference section */

/* Begin PBXFrameworksBuildPhase section */
		C71814DF216F7B8000843B42 /* Frameworks */ = {
			isa = PBXFrameworksBuildPhase;
			buildActionMask = 2147483647;
			files = (
			);
			runOnlyForDeploymentPostprocessing = 0;
		};
/* End PBXFrameworksBuildPhase section */

/* Begin PBXGroup section */
		C71814D9216F7B8000843B42 = {
			isa = PBXGroup;
			children = (
				C71814E4216F7B8000843B42 /* BackButtonApp */,
				C71814E3216F7B8000843B42 /* Products */,
			);
			sourceTree = "<group>";
		};
		C71814E3216F7B8000843B42 /* Products */ = {
			isa = PBXGroup;
			children = (
				C71814E2216F7B8000843B42 /* BackButtonApp.app */,
			);
			name = Products;
			sourceTree = "<group>";
		};
		C71814E4216F7B8000843B42 /* BackButtonApp */ = {
			isa = PBXGroup;
			children = (
				C718150B216FA19E00843B42 /* NavBar */,
				C71814FC216F94E200843B42 /* Resources */,
				C71814FA216F94CB00843B42 /* StoryBoards */,
				C71814F9216F94A100843B42 /* ViewControllers */,
				C71814F8216F949E00843B42 /* Common */,
				C71814F7216F949A00843B42 /* Application */,
				C71814F1216F7B8100843B42 /* Info.plist */,
			);
			path = BackButtonApp;
			sourceTree = "<group>";
		};
		C71814F7216F949A00843B42 /* Application */ = {
			isa = PBXGroup;
			children = (
				C71814E5216F7B8000843B42 /* AppDelegate.swift */,
			);
			path = Application;
			sourceTree = "<group>";
		};
		C71814F8216F949E00843B42 /* Common */ = {
			isa = PBXGroup;
			children = (
				C71814FD216F951000843B42 /* Constants.swift */,
			);
			path = Common;
			sourceTree = "<group>";
		};
		C71814F9216F94A100843B42 /* ViewControllers */ = {
			isa = PBXGroup;
			children = (
				C7181508216F95BB00843B42 /* Heart */,
				C7181503216F957200843B42 /* Intermediate */,
			);
			path = ViewControllers;
			sourceTree = "<group>";
		};
		C71814FA216F94CB00843B42 /* StoryBoards */ = {
			isa = PBXGroup;
			children = (
				C71814E9216F7B8000843B42 /* Main.storyboard */,
				C71814EE216F7B8100843B42 /* LaunchScreen.storyboard */,
			);
			path = StoryBoards;
			sourceTree = "<group>";
		};
		C71814FC216F94E200843B42 /* Resources */ = {
			isa = PBXGroup;
			children = (
				C71814EC216F7B8100843B42 /* Assets.xcassets */,
			);
			path = Resources;
			sourceTree = "<group>";
		};
		C7181503216F957200843B42 /* Intermediate */ = {
			isa = PBXGroup;
			children = (
				C7181504216F95AA00843B42 /* intermediateDefaultViewController.swift */,
				C7181506216F95B400843B42 /* intermediateCustomViewController.swift */,
			);
			path = Intermediate;
			sourceTree = "<group>";
		};
		C7181508216F95BB00843B42 /* Heart */ = {
			isa = PBXGroup;
			children = (
				C71814FF216F956300843B42 /* DefaultViewController.swift */,
				C7181501216F957000843B42 /* CustomViewController.swift */,
			);
			path = Heart;
			sourceTree = "<group>";
		};
		C718150B216FA19E00843B42 /* NavBar */ = {
			isa = PBXGroup;
			children = (
				C718150C216FA1CA00843B42 /* NavigationController.swift */,
			);
			path = NavBar;
			sourceTree = "<group>";
		};
/* End PBXGroup section */

/* Begin PBXNativeTarget section */
		C71814E1216F7B8000843B42 /* BackButtonApp */ = {
			isa = PBXNativeTarget;
			buildConfigurationList = C71814F4216F7B8100843B42 /* Build configuration list for PBXNativeTarget "BackButtonApp" */;
			buildPhases = (
				C71814DE216F7B8000843B42 /* Sources */,
				C71814DF216F7B8000843B42 /* Frameworks */,
				C71814E0216F7B8000843B42 /* Resources */,
			);
			buildRules = (
			);
			dependencies = (
			);
			name = BackButtonApp;
			productName = BackButtonApp;
			productReference = C71814E2216F7B8000843B42 /* BackButtonApp.app */;
			productType = "com.apple.product-type.application";
		};
/* End PBXNativeTarget section */

/* Begin PBXProject section */
		C71814DA216F7B8000843B42 /* Project object */ = {
			isa = PBXProject;
			attributes = {
				LastSwiftUpdateCheck = 1000;
				LastUpgradeCheck = 1000;
				ORGANIZATIONNAME = None;
				TargetAttributes = {
					C71814E1216F7B8000843B42 = {
						CreatedOnToolsVersion = 10.0;
					};
				};
			};
			buildConfigurationList = C71814DD216F7B8000843B42 /* Build configuration list for PBXProject "BackButtonApp" */;
			compatibilityVersion = "Xcode 9.3";
			developmentRegion = en;
			hasScannedForEncodings = 0;
			knownRegions = (
				en,
				Base,
			);
			mainGroup = C71814D9216F7B8000843B42;
			productRefGroup = C71814E3216F7B8000843B42 /* Products */;
			projectDirPath = "";
			projectRoot = "";
			targets = (
				C71814E1216F7B8000843B42 /* BackButtonApp */,
			);
		};
/* End PBXProject section */

/* Begin PBXResourcesBuildPhase section */
		C71814E0216F7B8000843B42 /* Resources */ = {
			isa = PBXResourcesBuildPhase;
			buildActionMask = 2147483647;
			files = (
				C71814F0216F7B8100843B42 /* LaunchScreen.storyboard in Resources */,
				C71814ED216F7B8100843B42 /* Assets.xcassets in Resources */,
				C71814EB216F7B8000843B42 /* Main.storyboard in Resources */,
			);
			runOnlyForDeploymentPostprocessing = 0;
		};
/* End PBXResourcesBuildPhase section */

/* Begin PBXSourcesBuildPhase section */
		C71814DE216F7B8000843B42 /* Sources */ = {
			isa = PBXSourcesBuildPhase;
			buildActionMask = 2147483647;
			files = (
				C7181505216F95AA00843B42 /* intermediateDefaultViewController.swift in Sources */,
				C7181500216F956300843B42 /* DefaultViewController.swift in Sources */,
				C71814E6216F7B8000843B42 /* AppDelegate.swift in Sources */,
				C71814FE216F951000843B42 /* Constants.swift in Sources */,
				C718150D216FA1CA00843B42 /* NavigationController.swift in Sources */,
				C7181507216F95B400843B42 /* intermediateCustomViewController.swift in Sources */,
				C7181502216F957000843B42 /* CustomViewController.swift in Sources */,
			);
			runOnlyForDeploymentPostprocessing = 0;
		};
/* End PBXSourcesBuildPhase section */

/* Begin PBXVariantGroup section */
		C71814E9216F7B8000843B42 /* Main.storyboard */ = {
			isa = PBXVariantGroup;
			children = (
				C71814EA216F7B8000843B42 /* Base */,
			);
			name = Main.storyboard;
			sourceTree = "<group>";
		};
		C71814EE216F7B8100843B42 /* LaunchScreen.storyboard */ = {
			isa = PBXVariantGroup;
			children = (
				C71814EF216F7B8100843B42 /* Base */,
			);
			name = LaunchScreen.storyboard;
			sourceTree = "<group>";
		};
/* End PBXVariantGroup section */

/* Begin XCBuildConfiguration section */
		C71814F2216F7B8100843B42 /* Debug */ = {
			isa = XCBuildConfiguration;
			buildSettings = {
				ALWAYS_SEARCH_USER_PATHS = NO;
				CLANG_ANALYZER_NONNULL = YES;
				CLANG_ANALYZER_NUMBER_OBJECT_CONVERSION = YES_AGGRESSIVE;
				CLANG_CXX_LANGUAGE_STANDARD = "gnu++14";
				CLANG_CXX_LIBRARY = "libc++";
				CLANG_ENABLE_MODULES = YES;
				CLANG_ENABLE_OBJC_ARC = YES;
				CLANG_ENABLE_OBJC_WEAK = YES;
				CLANG_WARN_BLOCK_CAPTURE_AUTORELEASING = YES;
				CLANG_WARN_BOOL_CONVERSION = YES;
				CLANG_WARN_COMMA = YES;
				CLANG_WARN_CONSTANT_CONVERSION = YES;
				CLANG_WARN_DEPRECATED_OBJC_IMPLEMENTATIONS = YES;
				CLANG_WARN_DIRECT_OBJC_ISA_USAGE = YES_ERROR;
				CLANG_WARN_DOCUMENTATION_COMMENTS = YES;
				CLANG_WARN_EMPTY_BODY = YES;
				CLANG_WARN_ENUM_CONVERSION = YES;
				CLANG_WARN_INFINITE_RECURSION = YES;
				CLANG_WARN_INT_CONVERSION = YES;
				CLANG_WARN_NON_LITERAL_NULL_CONVERSION = YES;
				CLANG_WARN_OBJC_IMPLICIT_RETAIN_SELF = YES;
				CLANG_WARN_OBJC_LITERAL_CONVERSION = YES;
				CLANG_WARN_OBJC_ROOT_CLASS = YES_ERROR;
				CLANG_WARN_RANGE_LOOP_ANALYSIS = YES;
				CLANG_WARN_STRICT_PROTOTYPES = YES;
				CLANG_WARN_SUSPICIOUS_MOVE = YES;
				CLANG_WARN_UNGUARDED_AVAILABILITY = YES_AGGRESSIVE;
				CLANG_WARN_UNREACHABLE_CODE = YES;
				CLANG_WARN__DUPLICATE_METHOD_MATCH = YES;
				CODE_SIGN_IDENTITY = "iPhone Developer";
				COPY_PHASE_STRIP = NO;
				DEBUG_INFORMATION_FORMAT = dwarf;
				ENABLE_STRICT_OBJC_MSGSEND = YES;
				ENABLE_TESTABILITY = YES;
				GCC_C_LANGUAGE_STANDARD = gnu11;
				GCC_DYNAMIC_NO_PIC = NO;
				GCC_NO_COMMON_BLOCKS = YES;
				GCC_OPTIMIZATION_LEVEL = 0;
				GCC_PREPROCESSOR_DEFINITIONS = (
					"DEBUG=1",
					"$(inherited)",
				);
				GCC_WARN_64_TO_32_BIT_CONVERSION = YES;
				GCC_WARN_ABOUT_RETURN_TYPE = YES_ERROR;
				GCC_WARN_UNDECLARED_SELECTOR = YES;
				GCC_WARN_UNINITIALIZED_AUTOS = YES_AGGRESSIVE;
				GCC_WARN_UNUSED_FUNCTION = YES;
				GCC_WARN_UNUSED_VARIABLE = YES;
				IPHONEOS_DEPLOYMENT_TARGET = 12.0;
				MTL_ENABLE_DEBUG_INFO = INCLUDE_SOURCE;
				MTL_FAST_MATH = YES;
				ONLY_ACTIVE_ARCH = YES;
				SDKROOT = iphoneos;
				SWIFT_ACTIVE_COMPILATION_CONDITIONS = DEBUG;
				SWIFT_OPTIMIZATION_LEVEL = "-Onone";
			};
			name = Debug;
		};
		C71814F3216F7B8100843B42 /* Release */ = {
			isa = XCBuildConfiguration;
			buildSettings = {
				ALWAYS_SEARCH_USER_PATHS = NO;
				CLANG_ANALYZER_NONNULL = YES;
				CLANG_ANALYZER_NUMBER_OBJECT_CONVERSION = YES_AGGRESSIVE;
				CLANG_CXX_LANGUAGE_STANDARD = "gnu++14";
				CLANG_CXX_LIBRARY = "libc++";
				CLANG_ENABLE_MODULES = YES;
				CLANG_ENABLE_OBJC_ARC = YES;
				CLANG_ENABLE_OBJC_WEAK = YES;
				CLANG_WARN_BLOCK_CAPTURE_AUTORELEASING = YES;
				CLANG_WARN_BOOL_CONVERSION = YES;
				CLANG_WARN_COMMA = YES;
				CLANG_WARN_CONSTANT_CONVERSION = YES;
				CLANG_WARN_DEPRECATED_OBJC_IMPLEMENTATIONS = YES;
				CLANG_WARN_DIRECT_OBJC_ISA_USAGE = YES_ERROR;
				CLANG_WARN_DOCUMENTATION_COMMENTS = YES;
				CLANG_WARN_EMPTY_BODY = YES;
				CLANG_WARN_ENUM_CONVERSION = YES;
				CLANG_WARN_INFINITE_RECURSION = YES;
				CLANG_WARN_INT_CONVERSION = YES;
				CLANG_WARN_NON_LITERAL_NULL_CONVERSION = YES;
				CLANG_WARN_OBJC_IMPLICIT_RETAIN_SELF = YES;
				CLANG_WARN_OBJC_LITERAL_CONVERSION = YES;
				CLANG_WARN_OBJC_ROOT_CLASS = YES_ERROR;
				CLANG_WARN_RANGE_LOOP_ANALYSIS = YES;
				CLANG_WARN_STRICT_PROTOTYPES = YES;
				CLANG_WARN_SUSPICIOUS_MOVE = YES;
				CLANG_WARN_UNGUARDED_AVAILABILITY = YES_AGGRESSIVE;
				CLANG_WARN_UNREACHABLE_CODE = YES;
				CLANG_WARN__DUPLICATE_METHOD_MATCH = YES;
				CODE_SIGN_IDENTITY = "iPhone Developer";
				COPY_PHASE_STRIP = NO;
				DEBUG_INFORMATION_FORMAT = "dwarf-with-dsym";
				ENABLE_NS_ASSERTIONS = NO;
				ENABLE_STRICT_OBJC_MSGSEND = YES;
				GCC_C_LANGUAGE_STANDARD = gnu11;
				GCC_NO_COMMON_BLOCKS = YES;
				GCC_WARN_64_TO_32_BIT_CONVERSION = YES;
				GCC_WARN_ABOUT_RETURN_TYPE = YES_ERROR;
				GCC_WARN_UNDECLARED_SELECTOR = YES;
				GCC_WARN_UNINITIALIZED_AUTOS = YES_AGGRESSIVE;
				GCC_WARN_UNUSED_FUNCTION = YES;
				GCC_WARN_UNUSED_VARIABLE = YES;
				IPHONEOS_DEPLOYMENT_TARGET = 12.0;
				MTL_ENABLE_DEBUG_INFO = NO;
				MTL_FAST_MATH = YES;
				SDKROOT = iphoneos;
				SWIFT_COMPILATION_MODE = wholemodule;
				SWIFT_OPTIMIZATION_LEVEL = "-O";
				VALIDATE_PRODUCT = YES;
			};
			name = Release;
		};
		C71814F5216F7B8100843B42 /* Debug */ = {
			isa = XCBuildConfiguration;
			buildSettings = {
				ASSETCATALOG_COMPILER_APPICON_NAME = AppIcon;
				CODE_SIGN_STYLE = Automatic;
				INFOPLIST_FILE = BackButtonApp/Info.plist;
				LD_RUNPATH_SEARCH_PATHS = (
					"$(inherited)",
					"@executable_path/Frameworks",
				);
				PRODUCT_BUNDLE_IDENTIFIER = VP.BackButtonApp;
				PRODUCT_NAME = "$(TARGET_NAME)";
				SWIFT_VERSION = 4.2;
				TARGETED_DEVICE_FAMILY = "1,2";
			};
			name = Debug;
		};
		C71814F6216F7B8100843B42 /* Release */ = {
			isa = XCBuildConfiguration;
			buildSettings = {
				ASSETCATALOG_COMPILER_APPICON_NAME = AppIcon;
				CODE_SIGN_STYLE = Automatic;
				INFOPLIST_FILE = BackButtonApp/Info.plist;
				LD_RUNPATH_SEARCH_PATHS = (
					"$(inherited)",
					"@executable_path/Frameworks",
				);
				PRODUCT_BUNDLE_IDENTIFIER = VP.BackButtonApp;
				PRODUCT_NAME = "$(TARGET_NAME)";
				SWIFT_VERSION = 4.2;
				TARGETED_DEVICE_FAMILY = "1,2";
			};
			name = Release;
		};
/* End XCBuildConfiguration section */

/* Begin XCConfigurationList section */
		C71814DD216F7B8000843B42 /* Build configuration list for PBXProject "BackButtonApp" */ = {
			isa = XCConfigurationList;
			buildConfigurations = (
				C71814F2216F7B8100843B42 /* Debug */,
				C71814F3216F7B8100843B42 /* Release */,
			);
			defaultConfigurationIsVisible = 0;
			defaultConfigurationName = Release;
		};
		C71814F4216F7B8100843B42 /* Build configuration list for PBXNativeTarget "BackButtonApp" */ = {
			isa = XCConfigurationList;
			buildConfigurations = (
				C71814F5216F7B8100843B42 /* Debug */,
				C71814F6216F7B8100843B42 /* Release */,
			);
			defaultConfigurationIsVisible = 0;
			defaultConfigurationName = Release;
		};
/* End XCConfigurationList section */
	};
	rootObject = C71814DA216F7B8000843B42 /* Project object */;
}
